
Microsoft Visual Studio Solution File, Format Version 12.00
Project("{FAE04EC0-301F-11D3-BF4B-00C04F79EFBC}") = "AuthApi", "AuthApi\AuthApi.csproj", "{37D0FD19-5A91-49A6-AD42-D4B3DC6A9222}"
EndProject
Global
	GlobalSection(SolutionConfigurationPlatforms) = preSolution
		Debug|Any CPU = Debug|Any CPU
		Release|Any CPU = Release|Any CPU
	EndGlobalSection
	GlobalSection(ProjectConfigurationPlatforms) = postSolution
		{37D0FD19-5A91-49A6-AD42-D4B3DC6A9222}.Debug|Any CPU.ActiveCfg = Debug|Any CPU
		{37D0FD19-5A91-49A6-AD42-D4B3DC6A9222}.Debug|Any CPU.Build.0 = Debug|Any CPU
		{37D0FD19-5A91-49A6-AD42-D4B3DC6A9222}.Release|Any CPU.ActiveCfg = Release|Any CPU
		{37D0FD19-5A91-49A6-AD42-D4B3DC6A9222}.Release|Any CPU.Build.0 = Release|Any CPU
	EndGlobalSection
EndGlobal
